github.com/gorilla/rpc v1.2.0 h1:WvvdC2lNeT1SP32zrIce5l0ECBfbAlmrmSBsuc57wfk=
github.com/gorilla/rpc v1.2.0/go.mod h1:V4h9r+4sF5HnzqbwIez0fKSpANP0zlYd3qR7p36jkTQ=
golang.org/x/net v0.9.0 h1:aWJ/m6xSmxWBx+V0XRHTlrYrPG56jKsLdTFmsSsCzOM=
golang.org/x/net v0.9.0/go.mod h1:d48xBJpPfHeWQsugry2m+kC02ZBRGRgulfHnEXEuWns=
golang.org/x/text v0.9.0 h1:2sjJmO8cDvYveuX97RDLsxlyUxLl+GHoLxBiRdHllBE=
golang.org/x/text v0.9.0/go.mod h1:e1OnstbJyHTd6l/uOt8jFFHp6TRDWZR/bV3emEE/zU8=
